
Microsoft Visual Studio Solution File, Format Version 12.00
# Visual Studio Version 16
VisualStudioVersion = 16.0.810.9
MinimumVisualStudioVersion = 10.0.40219.1
Project("{FAE04EC0-301F-11D3-BF4B-00C04F79EFBC}") = "CollegeVS", "CollegeVS.csproj", "{23754793-95AC-4D8B-8382-B1BFFA945358}"
EndProject
Global
	GlobalSection(SolutionConfigurationPlatforms) = preSolution
		Debug|Any CPU = Debug|Any CPU
		Release|Any CPU = Release|Any CPU
	EndGlobalSection
	GlobalSection(ProjectConfigurationPlatforms) = postSolution
		{23754793-95AC-4D8B-8382-B1BFFA945358}.Debug|Any CPU.ActiveCfg = Debug|Any CPU
		{23754793-95AC-4D8B-8382-B1BFFA945358}.Debug|Any CPU.Build.0 = Debug|Any CPU
		{23754793-95AC-4D8B-8382-B1BFFA945358}.Release|Any CPU.ActiveCfg = Release|Any CPU
		{23754793-95AC-4D8B-8382-B1BFFA945358}.Release|Any CPU.Build.0 = Release|Any CPU
	EndGlobalSection
	GlobalSection(SolutionProperties) = preSolution
		HideSolutionNode = FALSE
	EndGlobalSection
	GlobalSection(ExtensibilityGlobals) = postSolution
		SolutionGuid = {D299B538-9874-47EE-98A1-5BF648D3EEDE}
	EndGlobalSection
EndGlobal
